// !$*UTF8*$!
{
	archiveVersion = 1;
	classes = {
	};
	objectVersion = 46;
	objects = {

/* Begin PBXBuildFile section */
		735888E21AABD16E00A07D5C /* AppDelegate.swift in Sources */ = {isa = PBXBuildFile; fileRef = 735888E11AABD16E00A07D5C /* AppDelegate.swift */; };
		735888E51AABD16E00A07D5C /* KindNest.xcdatamodeld in Sources */ = {isa = PBXBuildFile; fileRef = 735888E31AABD16E00A07D5C /* KindNest.xcdatamodeld */; };
		735888E71AABD16E00A07D5C /* ViewController.swift in Sources */ = {isa = PBXBuildFile; fileRef = 735888E61AABD16E00A07D5C /* ViewController.swift */; };
		735888EA1AABD16E00A07D5C /* Main.storyboard in Resources */ = {isa = PBXBuildFile; fileRef = 735888E81AABD16E00A07D5C /* Main.storyboard */; };
		735888EC1AABD16E00A07D5C /* Images.xcassets in Resources */ = {isa = PBXBuildFile; fileRef = 735888EB1AABD16E00A07D5C /* Images.xcassets */; };
		735888EF1AABD16E00A07D5C /* LaunchScreen.xib in Resources */ = {isa = PBXBuildFile; fileRef = 735888ED1AABD16E00A07D5C /* LaunchScreen.xib */; };
		735888FB1AABD16F00A07D5C /* KindNestTests.swift in Sources */ = {isa = PBXBuildFile; fileRef = 735888FA1AABD16F00A07D5C /* KindNestTests.swift */; };
/* End PBXBuildFile section */

/* Begin PBXContainerItemProxy section */
		735888F51AABD16E00A07D5C /* PBXContainerItemProxy */ = {
			isa = PBXContainerItemProxy;
			containerPortal = 735888D41AABD16E00A07D5C /* Project object */;
			proxyType = 1;
			remoteGlobalIDString = 735888DB1AABD16E00A07D5C;
			remoteInfo = KindNest;
		};
/* End PBXContainerItemProxy section */

/* Begin PBXFileReference section */
		735888DC1AABD16E00A07D5C /* KindNest.app */ = {isa = PBXFileReference; explicitFileType = wrapper.application; includeInIndex = 0; path = KindNest.app; sourceTree = BUILT_PRODUCTS_DIR; };
		735888E01AABD16E00A07D5C /* Info.plist */ = {isa = PBXFileReference; lastKnownFileType = text.plist.xml; path = Info.plist; sourceTree = "<group>"; };
		735888E11AABD16E00A07D5C /* AppDelegate.swift */ = {isa = PBXFileReference; lastKnownFileType = sourcecode.swift; path = AppDelegate.swift; sourceTree = "<group>"; };
		735888E41AABD16E00A07D5C /* KindNest.xcdatamodel */ = {isa = PBXFileReference; lastKnownFileType = wrapper.xcdatamodel; path = KindNest.xcdatamodel; sourceTree = "<group>"; };
		735888E61AABD16E00A07D5C /* ViewController.swift */ = {isa = PBXFileReference; lastKnownFileType = sourcecode.swift; path = ViewController.swift; sourceTree = "<group>"; };
		735888E91AABD16E00A07D5C /* Base */ = {isa = PBXFileReference; lastKnownFileType = file.storyboard; name = Base; path = Base.lproj/Main.storyboard; sourceTree = "<group>"; };
		735888EB1AABD16E00A07D5C /* Images.xcassets */ = {isa = PBXFileReference; lastKnownFileType = folder.assetcatalog; path = Images.xcassets; sourceTree = "<group>"; };
		735888EE1AABD16E00A07D5C /* Base */ = {isa = PBXFileReference; lastKnownFileType = file.xib; name = Base; path = Base.lproj/LaunchScreen.xib; sourceTree = "<group>"; };
		735888F41AABD16E00A07D5C /* KindNestTests.xctest */ = {isa = PBXFileReference; explicitFileType = wrapper.cfbundle; includeInIndex = 0; path = KindNestTests.xctest; sourceTree = BUILT_PRODUCTS_DIR; };
		735888F91AABD16E00A07D5C /* Info.plist */ = {isa = PBXFileReference; lastKnownFileType = text.plist.xml; path = Info.plist; sourceTree = "<group>"; };
		735888FA1AABD16F00A07D5C /* KindNestTests.swift */ = {isa = PBXFileReference; lastKnownFileType = sourcecode.swift; path = KindNestTests.swift; sourceTree = "<group>"; };
/* End PBXFileReference section */

/* Begin PBXFrameworksBuildPhase section */
		735888D91AABD16E00A07D5C /* Frameworks */ = {
			isa = PBXFrameworksBuildPhase;
			buildActionMask = 2147483647;
			files = (
			);
			runOnlyForDeploymentPostprocessing = 0;
		};
		735888F11AABD16E00A07D5C /* Frameworks */ = {
			isa = PBXFrameworksBuildPhase;
			buildActionMask = 2147483647;
			files = (
			);
			runOnlyForDeploymentPostprocessing = 0;
		};
/* End PBXFrameworksBuildPhase section */

/* Begin PBXGroup section */
		735888D31AABD16E00A07D5C = {
			isa = PBXGroup;
			children = (
				735888DE1AABD16E00A07D5C /* KindNest */,
				735888F71AABD16E00A07D5C /* KindNestTests */,
				735888DD1AABD16E00A07D5C /* Products */,
			);
			sourceTree = "<group>";
		};
		735888DD1AABD16E00A07D5C /* Products */ = {
			isa = PBXGroup;
			children = (
				735888DC1AABD16E00A07D5C /* KindNest.app */,
				735888F41AABD16E00A07D5C /* KindNestTests.xctest */,
			);
			name = Products;
			sourceTree = "<group>";
		};
		735888DE1AABD16E00A07D5C /* KindNest */ = {
			isa = PBXGroup;
			children = (
				735888E11AABD16E00A07D5C /* AppDelegate.swift */,
				735888E61AABD16E00A07D5C /* ViewController.swift */,
				735888E81AABD16E00A07D5C /* Main.storyboard */,
				735888EB1AABD16E00A07D5C /* Images.xcassets */,
				735888ED1AABD16E00A07D5C /* LaunchScreen.xib */,
				735888E31AABD16E00A07D5C /* KindNest.xcdatamodeld */,
				735888DF1AABD16E00A07D5C /* Supporting Files */,
			);
			path = KindNest;
			sourceTree = "<group>";
		};
		735888DF1AABD16E00A07D5C /* Supporting Files */ = {
			isa = PBXGroup;
			children = (
				735888E01AABD16E00A07D5C /* Info.plist */,
			);
			name = "Supporting Files";
			sourceTree = "<group>";
		};
		735888F71AABD16E00A07D5C /* KindNestTests */ = {
			isa = PBXGroup;
			children = (
				735888FA1AABD16F00A07D5C /* KindNestTests.swift */,
				735888F81AABD16E00A07D5C /* Supporting Files */,
			);
			path = KindNestTests;
			sourceTree = "<group>";
		};
		735888F81AABD16E00A07D5C /* Supporting Files */ = {
			isa = PBXGroup;
			children = (
				735888F91AABD16E00A07D5C /* Info.plist */,
			);
			name = "Supporting Files";
			sourceTree = "<group>";
		};
/* End PBXGroup section */

/* Begin PBXNativeTarget section */
		735888DB1AABD16E00A07D5C /* KindNest */ = {
			isa = PBXNativeTarget;
			buildConfigurationList = 735888FE1AABD16F00A07D5C /* Build configuration list for PBXNativeTarget "KindNest" */;
			buildPhases = (
				735888D81AABD16E00A07D5C /* Sources */,
				735888D91AABD16E00A07D5C /* Frameworks */,
				735888DA1AABD16E00A07D5C /* Resources */,
			);
			buildRules = (
			);
			dependencies = (
			);
			name = KindNest;
			productName = KindNest;
			productReference = 735888DC1AABD16E00A07D5C /* KindNest.app */;
			productType = "com.apple.product-type.application";
		};
		735888F31AABD16E00A07D5C /* KindNestTests */ = {
			isa = PBXNativeTarget;
			buildConfigurationList = 735889011AABD16F00A07D5C /* Build configuration list for PBXNativeTarget "KindNestTests" */;
			buildPhases = (
				735888F01AABD16E00A07D5C /* Sources */,
				735888F11AABD16E00A07D5C /* Frameworks */,
				735888F21AABD16E00A07D5C /* Resources */,
			);
			buildRules = (
			);
			dependencies = (
				735888F61AABD16E00A07D5C /* PBXTargetDependency */,
			);
			name = KindNestTests;
			productName = KindNestTests;
			productReference = 735888F41AABD16E00A07D5C /* KindNestTests.xctest */;
			productType = "com.apple.product-type.bundle.unit-test";
		};
/* End PBXNativeTarget section */

/* Begin PBXProject section */
		735888D41AABD16E00A07D5C /* Project object */ = {
			isa = PBXProject;
			attributes = {
				LastUpgradeCheck = 0610;
				ORGANIZATIONNAME = "Paulo Choi";
				TargetAttributes = {
					735888DB1AABD16E00A07D5C = {
						CreatedOnToolsVersion = 6.1.1;
					};
					735888F31AABD16E00A07D5C = {
						CreatedOnToolsVersion = 6.1.1;
						TestTargetID = 735888DB1AABD16E00A07D5C;
					};
				};
			};
			buildConfigurationList = 735888D71AABD16E00A07D5C /* Build configuration list for PBXProject "KindNest" */;
			compatibilityVersion = "Xcode 3.2";
			developmentRegion = English;
			hasScannedForEncodings = 0;
			knownRegions = (
				en,
				Base,
			);
			mainGroup = 735888D31AABD16E00A07D5C;
			productRefGroup = 735888DD1AABD16E00A07D5C /* Products */;
			projectDirPath = "";
			projectRoot = "";
			targets = (
				735888DB1AABD16E00A07D5C /* KindNest */,
				735888F31AABD16E00A07D5C /* KindNestTests */,
			);
		};
/* End PBXProject section */

/* Begin PBXResourcesBuildPhase section */
		735888DA1AABD16E00A07D5C /* Resources */ = {
			isa = PBXResourcesBuildPhase;
			buildActionMask = 2147483647;
			files = (
				735888EA1AABD16E00A07D5C /* Main.storyboard in Resources */,
				735888EF1AABD16E00A07D5C /* LaunchScreen.xib in Resources */,
				735888EC1AABD16E00A07D5C /* Images.xcassets in Resources */,
			);
			runOnlyForDeploymentPostprocessing = 0;
		};
		735888F21AABD16E00A07D5C /* Resources */ = {
			isa = PBXResourcesBuildPhase;
			buildActionMask = 2147483647;
			files = (
			);
			runOnlyForDeploymentPostprocessing = 0;
		};
/* End PBXResourcesBuildPhase section */

/* Begin PBXSourcesBuildPhase section */
		735888D81AABD16E00A07D5C /* Sources */ = {
			isa = PBXSourcesBuildPhase;
			buildActionMask = 2147483647;
			files = (
				735888E71AABD16E00A07D5C /* ViewController.swift in Sources */,
				735888E21AABD16E00A07D5C /* AppDelegate.swift in Sources */,
				735888E51AABD16E00A07D5C /* KindNest.xcdatamodeld in Sources */,
			);
			runOnlyForDeploymentPostprocessing = 0;
		};
		735888F01AABD16E00A07D5C /* Sources */ = {
			isa = PBXSourcesBuildPhase;
			buildActionMask = 2147483647;
			files = (
				735888FB1AABD16F00A07D5C /* KindNestTests.swift in Sources */,
			);
			runOnlyForDeploymentPostprocessing = 0;
		};
/* End PBXSourcesBuildPhase section */

/* Begin PBXTargetDependency section */
		735888F61AABD16E00A07D5C /* PBXTargetDependency */ = {
			isa = PBXTargetDependency;
			target = 735888DB1AABD16E00A07D5C /* KindNest */;
			targetProxy = 735888F51AABD16E00A07D5C /* PBXContainerItemProxy */;
		};
/* End PBXTargetDependency section */

/* Begin PBXVariantGroup section */
		735888E81AABD16E00A07D5C /* Main.storyboard */ = {
			isa = PBXVariantGroup;
			children = (
				735888E91AABD16E00A07D5C /* Base */,
			);
			name = Main.storyboard;
			sourceTree = "<group>";
		};
		735888ED1AABD16E00A07D5C /* LaunchScreen.xib */ = {
			isa = PBXVariantGroup;
			children = (
				735888EE1AABD16E00A07D5C /* Base */,
			);
			name = LaunchScreen.xib;
			sourceTree = "<group>";
		};
/* End PBXVariantGroup section */

/* Begin XCBuildConfiguration section */
		735888FC1AABD16F00A07D5C /* Debug */ = {
			isa = XCBuildConfiguration;
			buildSettings = {
				ALWAYS_SEARCH_USER_PATHS = NO;
				CLANG_CXX_LANGUAGE_STANDARD = "gnu++0x";
				CLANG_CXX_LIBRARY = "libc++";
				CLANG_ENABLE_MODULES = YES;
				CLANG_ENABLE_OBJC_ARC = YES;
				CLANG_WARN_BOOL_CONVERSION = YES;
				CLANG_WARN_CONSTANT_CONVERSION = YES;
				CLANG_WARN_DIRECT_OBJC_ISA_USAGE = YES_ERROR;
				CLANG_WARN_EMPTY_BODY = YES;
				CLANG_WARN_ENUM_CONVERSION = YES;
				CLANG_WARN_INT_CONVERSION = YES;
				CLANG_WARN_OBJC_ROOT_CLASS = YES_ERROR;
				CLANG_WARN_UNREACHABLE_CODE = YES;
				CLANG_WARN__DUPLICATE_METHOD_MATCH = YES;
				"CODE_SIGN_IDENTITY[sdk=iphoneos*]" = "iPhone Developer";
				COPY_PHASE_STRIP = NO;
				ENABLE_STRICT_OBJC_MSGSEND = YES;
				GCC_C_LANGUAGE_STANDARD = gnu99;
				GCC_DYNAMIC_NO_PIC = NO;
				GCC_OPTIMIZATION_LEVEL = 0;
				GCC_PREPROCESSOR_DEFINITIONS = (
					"DEBUG=1",
					"$(inherited)",
				);
				GCC_SYMBOLS_PRIVATE_EXTERN = NO;
				GCC_WARN_64_TO_32_BIT_CONVERSION = YES;
				GCC_WARN_ABOUT_RETURN_TYPE = YES_ERROR;
				GCC_WARN_UNDECLARED_SELECTOR = YES;
				GCC_WARN_UNINITIALIZED_AUTOS = YES_AGGRESSIVE;
				GCC_WARN_UNUSED_FUNCTION = YES;
				GCC_WARN_UNUSED_VARIABLE = YES;
				IPHONEOS_DEPLOYMENT_TARGET = 8.1;
				MTL_ENABLE_DEBUG_INFO = YES;
				ONLY_ACTIVE_ARCH = YES;
				SDKROOT = iphoneos;
				SWIFT_OPTIMIZATION_LEVEL = "-Onone";
				TARGETED_DEVICE_FAMILY = "1,2";
			};
			name = Debug;
		};
		735888FD1AABD16F00A07D5C /* Release */ = {
			isa = XCBuildConfiguration;
			buildSettings = {
				ALWAYS_SEARCH_USER_PATHS = NO;
				CLANG_CXX_LANGUAGE_STANDARD = "gnu++0x";
				CLANG_CXX_LIBRARY = "libc++";
				CLANG_ENABLE_MODULES = YES;
				CLANG_ENABLE_OBJC_ARC = YES;
				CLANG_WARN_BOOL_CONVERSION = YES;
				CLANG_WARN_CONSTANT_CONVERSION = YES;
				CLANG_WARN_DIRECT_OBJC_ISA_USAGE = YES_ERROR;
				CLANG_WARN_EMPTY_BODY = YES;
				CLANG_WARN_ENUM_CONVERSION = YES;
				CLANG_WARN_INT_CONVERSION = YES;
				CLANG_WARN_OBJC_ROOT_CLASS = YES_ERROR;
				CLANG_WARN_UNREACHABLE_CODE = YES;
				CLANG_WARN__DUPLICATE_METHOD_MATCH = YES;
				"CODE_SIGN_IDENTITY[sdk=iphoneos*]" = "iPhone Developer";
				COPY_PHASE_STRIP = YES;
				ENABLE_NS_ASSERTIONS = NO;
				ENABLE_STRICT_OBJC_MSGSEND = YES;
				GCC_C_LANGUAGE_STANDARD = gnu99;
				GCC_WARN_64_TO_32_BIT_CONVERSION = YES;
				GCC_WARN_ABOUT_RETURN_TYPE = YES_ERROR;
				GCC_WARN_UNDECLARED_SELECTOR = YES;
				GCC_WARN_UNINITIALIZED_AUTOS = YES_AGGRESSIVE;
				GCC_WARN_UNUSED_FUNCTION = YES;
				GCC_WARN_UNUSED_VARIABLE = YES;
				IPHONEOS_DEPLOYMENT_TARGET = 8.1;
				MTL_ENABLE_DEBUG_INFO = NO;
				SDKROOT = iphoneos;
				TARGETED_DEVICE_FAMILY = "1,2";
				VALIDATE_PRODUCT = YES;
			};
			name = Release;
		};
		735888FF1AABD16F00A07D5C /* Debug */ = {
			isa = XCBuildConfiguration;
			buildSettings = {
				ASSETCATALOG_COMPILER_APPICON_NAME = AppIcon;
				INFOPLIST_FILE = KindNest/Info.plist;
				LD_RUNPATH_SEARCH_PATHS = "$(inherited) @executable_path/Frameworks";
				PRODUCT_NAME = "$(TARGET_NAME)";
			};
			name = Debug;
		};
		735889001AABD16F00A07D5C /* Release */ = {
			isa = XCBuildConfiguration;
			buildSettings = {
				ASSETCATALOG_COMPILER_APPICON_NAME = AppIcon;
				INFOPLIST_FILE = KindNest/Info.plist;
				LD_RUNPATH_SEARCH_PATHS = "$(inherited) @executable_path/Frameworks";
				PRODUCT_NAME = "$(TARGET_NAME)";
			};
			name = Release;
		};
		735889021AABD16F00A07D5C /* Debug */ = {
			isa = XCBuildConfiguration;
			buildSettings = {
				BUNDLE_LOADER = "$(TEST_HOST)";
				FRAMEWORK_SEARCH_PATHS = (
					"$(SDKROOT)/Developer/Library/Frameworks",
					"$(inherited)",
				);
				GCC_PREPROCESSOR_DEFINITIONS = (
					"DEBUG=1",
					"$(inherited)",
				);
				INFOPLIST_FILE = KindNestTests/Info.plist;
				LD_RUNPATH_SEARCH_PATHS = "$(inherited) @executable_path/Frameworks @loader_path/Frameworks";
				PRODUCT_NAME = "$(TARGET_NAME)";
				TEST_HOST = "$(BUILT_PRODUCTS_DIR)/KindNest.app/KindNest";
			};
			name = Debug;
		};
		735889031AABD16F00A07D5C /* Release */ = {
			isa = XCBuildConfiguration;
			buildSettings = {
				BUNDLE_LOADER = "$(TEST_HOST)";
				FRAMEWORK_SEARCH_PATHS = (
					"$(SDKROOT)/Developer/Library/Frameworks",
					"$(inherited)",
				);
				INFOPLIST_FILE = KindNestTests/Info.plist;
				LD_RUNPATH_SEARCH_PATHS = "$(inherited) @executable_path/Frameworks @loader_path/Frameworks";
				PRODUCT_NAME = "$(TARGET_NAME)";
				TEST_HOST = "$(BUILT_PRODUCTS_DIR)/KindNest.app/KindNest";
			};
			name = Release;
		};
/* End XCBuildConfiguration section */

/* Begin XCConfigurationList section */
		735888D71AABD16E00A07D5C /* Build configuration list for PBXProject "KindNest" */ = {
			isa = XCConfigurationList;
			buildConfigurations = (
				735888FC1AABD16F00A07D5C /* Debug */,
				735888FD1AABD16F00A07D5C /* Release */,
			);
			defaultConfigurationIsVisible = 0;
			defaultConfigurationName = Release;
		};
		735888FE1AABD16F00A07D5C /* Build configuration list for PBXNativeTarget "KindNest" */ = {
			isa = XCConfigurationList;
			buildConfigurations = (
				735888FF1AABD16F00A07D5C /* Debug */,
				735889001AABD16F00A07D5C /* Release */,
			);
			defaultConfigurationIsVisible = 0;
		};
		735889011AABD16F00A07D5C /* Build configuration list for PBXNativeTarget "KindNestTests" */ = {
			isa = XCConfigurationList;
			buildConfigurations = (
				735889021AABD16F00A07D5C /* Debug */,
				735889031AABD16F00A07D5C /* Release */,
			);
			defaultConfigurationIsVisible = 0;
		};
/* End XCConfigurationList section */

/* Begin XCVersionGroup section */
		735888E31AABD16E00A07D5C /* KindNest.xcdatamodeld */ = {
			isa = XCVersionGroup;
			children = (
				735888E41AABD16E00A07D5C /* KindNest.xcdatamodel */,
			);
			currentVersion = 735888E41AABD16E00A07D5C /* KindNest.xcdatamodel */;
			path = KindNest.xcdatamodeld;
			sourceTree = "<group>";
			versionGroupType = wrapper.xcdatamodel;
		};
/* End XCVersionGroup section */
	};
	rootObject = 735888D41AABD16E00A07D5C /* Project object */;
}
